
Microsoft Visual Studio Solution File, Format Version 10.00
# Visual Studio 2008
Project("{8BC9CEB8-8B4A-11D0-8D11-00A0C91BC942}") = "uppcore", "uppsrc\Core\uppcore.vcproj", "{08491C3C-10A5-4B8E-B321-752EBC6B783A}"
EndProject
Project("{2150E333-8FDC-42A3-9474-1A3956D46DE8}") = "upp", "upp", "{94296D6A-1D1B-42F7-B375-D8136D1795BD}"
EndProject
Project("{2150E333-8FDC-42A3-9474-1A3956D46DE8}") = "test", "test", "{0FAE67FB-C980-4318-828A-501959F69FDC}"
EndProject
Project("{8BC9CEB8-8B4A-11D0-8D11-00A0C91BC942}") = "test", "test\test.vcproj", "{B62E56D3-FADB-45B9-969C-9E25701F334A}"
	ProjectSection(ProjectDependencies) = postProject
		{ADBA8E04-BCB2-4DF3-B3C3-CB23C33AF4AC} = {ADBA8E04-BCB2-4DF3-B3C3-CB23C33AF4AC}
		{F936E52A-7E9C-476D-9160-11E9219C31CA} = {F936E52A-7E9C-476D-9160-11E9219C31CA}
		{08491C3C-10A5-4B8E-B321-752EBC6B783A} = {08491C3C-10A5-4B8E-B321-752EBC6B783A}
		{B7296E70-8165-440F-AA6D-63EF7F14B9ED} = {B7296E70-8165-440F-AA6D-63EF7F14B9ED}
		{2FF63997-C2AA-44E1-BF3F-418AF7A20CD2} = {2FF63997-C2AA-44E1-BF3F-418AF7A20CD2}
		{CF9B43B0-1691-47A9-BE4F-A43AE3807A94} = {CF9B43B0-1691-47A9-BE4F-A43AE3807A94}
		{E0D0C4B2-A922-46BB-ACD6-5B64276CBB9D} = {E0D0C4B2-A922-46BB-ACD6-5B64276CBB9D}
		{2235A5CE-B563-4422-9A5E-E6129F7C8437} = {2235A5CE-B563-4422-9A5E-E6129F7C8437}
		{2CACA8D6-2A7B-4A5E-BCC4-3A423437C78F} = {2CACA8D6-2A7B-4A5E-BCC4-3A423437C78F}
	EndProjectSection
EndProject
Project("{8BC9CEB8-8B4A-11D0-8D11-00A0C91BC942}") = "uppdraw", "uppsrc\Draw\uppdraw.vcproj", "{2FF63997-C2AA-44E1-BF3F-418AF7A20CD2}"
EndProject
Project("{8BC9CEB8-8B4A-11D0-8D11-00A0C91BC942}") = "uppctrlcore", "uppsrc\CtrlCore\uppctrlcore.vcproj", "{F936E52A-7E9C-476D-9160-11E9219C31CA}"
	ProjectSection(ProjectDependencies) = postProject
		{08491C3C-10A5-4B8E-B321-752EBC6B783A} = {08491C3C-10A5-4B8E-B321-752EBC6B783A}
		{2FF63997-C2AA-44E1-BF3F-418AF7A20CD2} = {2FF63997-C2AA-44E1-BF3F-418AF7A20CD2}
		{CF9B43B0-1691-47A9-BE4F-A43AE3807A94} = {CF9B43B0-1691-47A9-BE4F-A43AE3807A94}
	EndProjectSection
EndProject
Project("{2150E333-8FDC-42A3-9474-1A3956D46DE8}") = "thirdpart", "thirdpart", "{4F235FFF-CA0E-4A35-B436-EE1F2A9C8B93}"
EndProject
Project("{8BC9CEB8-8B4A-11D0-8D11-00A0C91BC942}") = "zlib", "thirdpart\zlib\zlib.vcproj", "{CF9B43B0-1691-47A9-BE4F-A43AE3807A94}"
EndProject
Project("{8BC9CEB8-8B4A-11D0-8D11-00A0C91BC942}") = "upprichtext", "uppsrc\RichText\upprichtext.vcproj", "{E0D0C4B2-A922-46BB-ACD6-5B64276CBB9D}"
	ProjectSection(ProjectDependencies) = postProject
		{2FF63997-C2AA-44E1-BF3F-418AF7A20CD2} = {2FF63997-C2AA-44E1-BF3F-418AF7A20CD2}
	EndProjectSection
EndProject
Project("{8BC9CEB8-8B4A-11D0-8D11-00A0C91BC942}") = "uppctrllib", "uppsrc\CtrlLib\uppctrllib.vcproj", "{2CACA8D6-2A7B-4A5E-BCC4-3A423437C78F}"
EndProject
Project("{8BC9CEB8-8B4A-11D0-8D11-00A0C91BC942}") = "upprichedit", "uppsrc\RichEdit\upprichedit.vcproj", "{ADBA8E04-BCB2-4DF3-B3C3-CB23C33AF4AC}"
	ProjectSection(ProjectDependencies) = postProject
		{F936E52A-7E9C-476D-9160-11E9219C31CA} = {F936E52A-7E9C-476D-9160-11E9219C31CA}
		{08491C3C-10A5-4B8E-B321-752EBC6B783A} = {08491C3C-10A5-4B8E-B321-752EBC6B783A}
		{FE78404F-B368-4A0E-85D9-693F56FDD632} = {FE78404F-B368-4A0E-85D9-693F56FDD632}
		{B7296E70-8165-440F-AA6D-63EF7F14B9ED} = {B7296E70-8165-440F-AA6D-63EF7F14B9ED}
		{2FF63997-C2AA-44E1-BF3F-418AF7A20CD2} = {2FF63997-C2AA-44E1-BF3F-418AF7A20CD2}
		{E0D0C4B2-A922-46BB-ACD6-5B64276CBB9D} = {E0D0C4B2-A922-46BB-ACD6-5B64276CBB9D}
		{2CACA8D6-2A7B-4A5E-BCC4-3A423437C78F} = {2CACA8D6-2A7B-4A5E-BCC4-3A423437C78F}
	EndProjectSection
EndProject
Project("{8BC9CEB8-8B4A-11D0-8D11-00A0C91BC942}") = "uppreport", "uppsrc\Report\uppreport.vcproj", "{B7296E70-8165-440F-AA6D-63EF7F14B9ED}"
EndProject
Project("{8BC9CEB8-8B4A-11D0-8D11-00A0C91BC942}") = "upppdfdraw", "uppsrc\PdfDraw\upppdfdraw.vcproj", "{FE78404F-B368-4A0E-85D9-693F56FDD632}"
EndProject
Project("{8BC9CEB8-8B4A-11D0-8D11-00A0C91BC942}") = "marisa", "thirdpart\marisa\marisa.vcproj", "{2235A5CE-B563-4422-9A5E-E6129F7C8437}"
EndProject
Project("{8BC9CEB8-8B4A-11D0-8D11-00A0C91BC942}") = "mmkv", "thirdpart\mmkv\mmkv.vcproj", "{C978ED6B-8826-4BF3-ACFC-6C7EFD470794}"
EndProject
Global
	GlobalSection(SolutionConfigurationPlatforms) = preSolution
		Debug|Win32 = Debug|Win32
		Release|Win32 = Release|Win32
	EndGlobalSection
	GlobalSection(ProjectConfigurationPlatforms) = postSolution
		{08491C3C-10A5-4B8E-B321-752EBC6B783A}.Debug|Win32.ActiveCfg = Debug|Win32
		{08491C3C-10A5-4B8E-B321-752EBC6B783A}.Debug|Win32.Build.0 = Debug|Win32
		{08491C3C-10A5-4B8E-B321-752EBC6B783A}.Release|Win32.ActiveCfg = Release|Win32
		{08491C3C-10A5-4B8E-B321-752EBC6B783A}.Release|Win32.Build.0 = Release|Win32
		{B62E56D3-FADB-45B9-969C-9E25701F334A}.Debug|Win32.ActiveCfg = Debug|Win32
		{B62E56D3-FADB-45B9-969C-9E25701F334A}.Debug|Win32.Build.0 = Debug|Win32
		{B62E56D3-FADB-45B9-969C-9E25701F334A}.Release|Win32.ActiveCfg = Release|Win32
		{B62E56D3-FADB-45B9-969C-9E25701F334A}.Release|Win32.Build.0 = Release|Win32
		{2FF63997-C2AA-44E1-BF3F-418AF7A20CD2}.Debug|Win32.ActiveCfg = Debug|Win32
		{2FF63997-C2AA-44E1-BF3F-418AF7A20CD2}.Debug|Win32.Build.0 = Debug|Win32
		{2FF63997-C2AA-44E1-BF3F-418AF7A20CD2}.Release|Win32.ActiveCfg = Release|Win32
		{2FF63997-C2AA-44E1-BF3F-418AF7A20CD2}.Release|Win32.Build.0 = Release|Win32
		{F936E52A-7E9C-476D-9160-11E9219C31CA}.Debug|Win32.ActiveCfg = Debug|Win32
		{F936E52A-7E9C-476D-9160-11E9219C31CA}.Debug|Win32.Build.0 = Debug|Win32
		{F936E52A-7E9C-476D-9160-11E9219C31CA}.Release|Win32.ActiveCfg = Release|Win32
		{F936E52A-7E9C-476D-9160-11E9219C31CA}.Release|Win32.Build.0 = Release|Win32
		{CF9B43B0-1691-47A9-BE4F-A43AE3807A94}.Debug|Win32.ActiveCfg = Debug|Win32
		{CF9B43B0-1691-47A9-BE4F-A43AE3807A94}.Debug|Win32.Build.0 = Debug|Win32
		{CF9B43B0-1691-47A9-BE4F-A43AE3807A94}.Release|Win32.ActiveCfg = Release|Win32
		{CF9B43B0-1691-47A9-BE4F-A43AE3807A94}.Release|Win32.Build.0 = Release|Win32
		{E0D0C4B2-A922-46BB-ACD6-5B64276CBB9D}.Debug|Win32.ActiveCfg = Debug|Win32
		{E0D0C4B2-A922-46BB-ACD6-5B64276CBB9D}.Debug|Win32.Build.0 = Debug|Win32
		{E0D0C4B2-A922-46BB-ACD6-5B64276CBB9D}.Release|Win32.ActiveCfg = Release|Win32
		{E0D0C4B2-A922-46BB-ACD6-5B64276CBB9D}.Release|Win32.Build.0 = Release|Win32
		{2CACA8D6-2A7B-4A5E-BCC4-3A423437C78F}.Debug|Win32.ActiveCfg = Debug|Win32
		{2CACA8D6-2A7B-4A5E-BCC4-3A423437C78F}.Debug|Win32.Build.0 = Debug|Win32
		{2CACA8D6-2A7B-4A5E-BCC4-3A423437C78F}.Release|Win32.ActiveCfg = Release|Win32
		{2CACA8D6-2A7B-4A5E-BCC4-3A423437C78F}.Release|Win32.Build.0 = Release|Win32
		{ADBA8E04-BCB2-4DF3-B3C3-CB23C33AF4AC}.Debug|Win32.ActiveCfg = Debug|Win32
		{ADBA8E04-BCB2-4DF3-B3C3-CB23C33AF4AC}.Debug|Win32.Build.0 = Debug|Win32
		{ADBA8E04-BCB2-4DF3-B3C3-CB23C33AF4AC}.Release|Win32.ActiveCfg = Release|Win32
		{ADBA8E04-BCB2-4DF3-B3C3-CB23C33AF4AC}.Release|Win32.Build.0 = Release|Win32
		{B7296E70-8165-440F-AA6D-63EF7F14B9ED}.Debug|Win32.ActiveCfg = Debug|Win32
		{B7296E70-8165-440F-AA6D-63EF7F14B9ED}.Debug|Win32.Build.0 = Debug|Win32
		{B7296E70-8165-440F-AA6D-63EF7F14B9ED}.Release|Win32.ActiveCfg = Release|Win32
		{B7296E70-8165-440F-AA6D-63EF7F14B9ED}.Release|Win32.Build.0 = Release|Win32
		{FE78404F-B368-4A0E-85D9-693F56FDD632}.Debug|Win32.ActiveCfg = Debug|Win32
		{FE78404F-B368-4A0E-85D9-693F56FDD632}.Debug|Win32.Build.0 = Debug|Win32
		{FE78404F-B368-4A0E-85D9-693F56FDD632}.Release|Win32.ActiveCfg = Release|Win32
		{FE78404F-B368-4A0E-85D9-693F56FDD632}.Release|Win32.Build.0 = Release|Win32
		{2235A5CE-B563-4422-9A5E-E6129F7C8437}.Debug|Win32.ActiveCfg = Debug|Win32
		{2235A5CE-B563-4422-9A5E-E6129F7C8437}.Debug|Win32.Build.0 = Debug|Win32
		{2235A5CE-B563-4422-9A5E-E6129F7C8437}.Release|Win32.ActiveCfg = Release|Win32
		{2235A5CE-B563-4422-9A5E-E6129F7C8437}.Release|Win32.Build.0 = Release|Win32
		{C978ED6B-8826-4BF3-ACFC-6C7EFD470794}.Debug|Win32.ActiveCfg = Debug|Win32
		{C978ED6B-8826-4BF3-ACFC-6C7EFD470794}.Debug|Win32.Build.0 = Debug|Win32
		{C978ED6B-8826-4BF3-ACFC-6C7EFD470794}.Release|Win32.ActiveCfg = Release|Win32
		{C978ED6B-8826-4BF3-ACFC-6C7EFD470794}.Release|Win32.Build.0 = Release|Win32
	EndGlobalSection
	GlobalSection(SolutionProperties) = preSolution
		HideSolutionNode = FALSE
	EndGlobalSection
	GlobalSection(NestedProjects) = preSolution
		{08491C3C-10A5-4B8E-B321-752EBC6B783A} = {94296D6A-1D1B-42F7-B375-D8136D1795BD}
		{2FF63997-C2AA-44E1-BF3F-418AF7A20CD2} = {94296D6A-1D1B-42F7-B375-D8136D1795BD}
		{F936E52A-7E9C-476D-9160-11E9219C31CA} = {94296D6A-1D1B-42F7-B375-D8136D1795BD}
		{E0D0C4B2-A922-46BB-ACD6-5B64276CBB9D} = {94296D6A-1D1B-42F7-B375-D8136D1795BD}
		{2CACA8D6-2A7B-4A5E-BCC4-3A423437C78F} = {94296D6A-1D1B-42F7-B375-D8136D1795BD}
		{ADBA8E04-BCB2-4DF3-B3C3-CB23C33AF4AC} = {94296D6A-1D1B-42F7-B375-D8136D1795BD}
		{B7296E70-8165-440F-AA6D-63EF7F14B9ED} = {94296D6A-1D1B-42F7-B375-D8136D1795BD}
		{FE78404F-B368-4A0E-85D9-693F56FDD632} = {94296D6A-1D1B-42F7-B375-D8136D1795BD}
		{B62E56D3-FADB-45B9-969C-9E25701F334A} = {0FAE67FB-C980-4318-828A-501959F69FDC}
		{CF9B43B0-1691-47A9-BE4F-A43AE3807A94} = {4F235FFF-CA0E-4A35-B436-EE1F2A9C8B93}
		{2235A5CE-B563-4422-9A5E-E6129F7C8437} = {4F235FFF-CA0E-4A35-B436-EE1F2A9C8B93}
		{C978ED6B-8826-4BF3-ACFC-6C7EFD470794} = {4F235FFF-CA0E-4A35-B436-EE1F2A9C8B93}
	EndGlobalSection
EndGlobal
